<?xml version="1.0" encoding="utf-8"?>
<Project ToolsVersion="4.0" xmlns="http://schemas.microsoft.com/developer/msbuild/2003">
  <ItemGroup>
    <Filter Include="Source Files">
      <UniqueIdentifier>{4FC737F1-C7A5-4376-A066-2A32D752A2FF}</UniqueIdentifier>
      <Extensions>cpp;c;cc;cxx;def;odl;idl;hpj;bat;asm;asmx</Extensions>
    </Filter>
    <Filter Include="Header Files">
      <UniqueIdentifier>{93995380-89BD-4b04-88EB-625FBE52EBFB}</UniqueIdentifier>
      <Extensions>h;hh;hpp;hxx;hm;inl;inc;xsd</Extensions>
    </Filter>
    <Filter Include="Resource Files">
      <UniqueIdentifier>{67DA6AB6-F800-4c08-8B7A-83BB121AAD01}</UniqueIdentifier>
      <Extensions>rc;ico;cur;bmp;dlg;rc2;rct;bin;rgs;gif;jpg;jpeg;jpe;resx;tiff;tif;png;wav</Extensions>
    </Filter>
    <Filter Include="Source Files\Applications">
      <UniqueIdentifier>{57d33b6c-e4de-4a4d-8c14-1e43035c7927}</UniqueIdentifier>
    </Filter>
    <Filter Include="Source Files\Applications\WindowManager">
      <UniqueIdentifier>{9107b79f-8e65-4421-af84-d36db29969d6}</UniqueIdentifier>
    </Filter>
    <Filter Include="Source Files\System">
      <UniqueIdentifier>{4c4e06bf-7f3a-445a-9683-9b0574f9c1b8}</UniqueIdentifier>
    </Filter>
    <Filter Include="Source Files\ApplicationServer">
      <UniqueIdentifier>{2bc43b59-8bb6-4af3-a25f-e9643cd99650}</UniqueIdentifier>
    </Filter>
    <Filter Include="Source Files\ASF">
      <UniqueIdentifier>{c864b277-3995-4d1f-b933-d7d0397a7e20}</UniqueIdentifier>
    </Filter>
    <Filter Include="Source Files\ASF\common">
      <UniqueIdentifier>{130e7486-539f-4923-8179-0e40666344ec}</UniqueIdentifier>
    </Filter>
    <Filter Include="Source Files\ASF\common\utils">
      <UniqueIdentifier>{5b231edb-02c0-47f4-916e-46f46ce4eed2}</UniqueIdentifier>
    </Filter>
    <Filter Include="Source Files\ASF\common\utils\interrupt">
      <UniqueIdentifier>{93a19618-0d0a-4766-833e-af78d448b997}</UniqueIdentifier>
    </Filter>
    <Filter Include="Source Files\ASF\sam">
      <UniqueIdentifier>{5196d7a9-5eff-4dab-886d-661cca26e135}</UniqueIdentifier>
    </Filter>
    <Filter Include="Source Files\ASF\sam\drivers">
      <UniqueIdentifier>{630e5856-cc22-4aba-a63c-6dc9efb2c171}</UniqueIdentifier>
    </Filter>
    <Filter Include="Source Files\ASF\sam\utils">
      <UniqueIdentifier>{c4849234-bb4a-4dcf-b1f6-0b763f625916}</UniqueIdentifier>
    </Filter>
    <Filter Include="Source Files\ASF\sam\drivers\xdmac">
      <UniqueIdentifier>{280199d6-ceed-412a-82e6-7b5b0e95f1d8}</UniqueIdentifier>
    </Filter>
    <Filter Include="Source Files\ASF\sam\utils\header_files">
      <UniqueIdentifier>{ff20f9c7-254b-420c-9bda-a3e2957f8ecc}</UniqueIdentifier>
    </Filter>
    <Filter Include="Source Files\ASF\sam\utils\preprocessor">
      <UniqueIdentifier>{8423d41f-40f7-4fcc-9765-e6941b3b5f64}</UniqueIdentifier>
    </Filter>
    <Filter Include="Source Files\DeviceControl">
      <UniqueIdentifier>{62ebe5ec-cf38-4456-b4af-8f9d6a91ef76}</UniqueIdentifier>
    </Filter>
    <Filter Include="Source Files\Kernel">
      <UniqueIdentifier>{fbbe8861-320d-4464-ac41-428628044a6b}</UniqueIdentifier>
    </Filter>
    <Filter Include="Source Files\Kernel\Drivers">
      <UniqueIdentifier>{06018226-ebe3-4a7c-ac0a-afe0ea6837b6}</UniqueIdentifier>
    </Filter>
    <Filter Include="Source Files\Kernel\Drivers\RA8875Driver">
      <UniqueIdentifier>{c1558d8f-59c4-4727-8918-f246a84be5a4}</UniqueIdentifier>
    </Filter>
    <Filter Include="Source Files\Kernel\Drivers\STM32">
      <UniqueIdentifier>{d75b38d5-00f9-4325-a014-f40990e5064f}</UniqueIdentifier>
    </Filter>
    <Filter Include="Source Files\Kernel\Drivers\RA8875Driver\Fonts">
      <UniqueIdentifier>{d0ec2193-a4e8-4aa9-b783-9edeb38e91ee}</UniqueIdentifier>
    </Filter>
    <Filter Include="Source Files\Kernel\FSDrivers">
      <UniqueIdentifier>{6e960bb4-d097-4bac-9a63-bec61c45dda6}</UniqueIdentifier>
    </Filter>
    <Filter Include="Source Files\Kernel\FSDrivers\FAT">
      <UniqueIdentifier>{ae0801ce-a80b-4327-9955-d2f530448bba}</UniqueIdentifier>
    </Filter>
    <Filter Include="Source Files\Kernel\HAL">
      <UniqueIdentifier>{44e05e7c-ef82-4ea1-a39c-d10ac920b416}</UniqueIdentifier>
    </Filter>
    <Filter Include="Source Files\Kernel\HAL\STM32">
      <UniqueIdentifier>{0d8f407f-75fb-4c0a-aeee-42fd4bec62c8}</UniqueIdentifier>
    </Filter>
    <Filter Include="Source Files\Kernel\VFS">
      <UniqueIdentifier>{2a1c5579-f562-4dc5-937c-ad355bda6199}</UniqueIdentifier>
    </Filter>
    <Filter Include="Source Files\System\GUI">
      <UniqueIdentifier>{5b748d0e-b72e-4d34-81f4-7e3425a064f3}</UniqueIdentifier>
    </Filter>
    <Filter Include="Source Files\System\Math">
      <UniqueIdentifier>{53ab8a59-5603-41f4-8a3d-613e46756d7d}</UniqueIdentifier>
    </Filter>
    <Filter Include="Source Files\System\Ptr">
      <UniqueIdentifier>{b851c0f7-a9ff-440a-b871-5039f5356fc1}</UniqueIdentifier>
    </Filter>
    <Filter Include="Source Files\System\Signals">
      <UniqueIdentifier>{8ab790c0-aa01-49b6-9ae9-8c9c26803ddf}</UniqueIdentifier>
    </Filter>
    <Filter Include="Source Files\System\Threads">
      <UniqueIdentifier>{b9331bd0-15fc-4e67-8d62-54e05af67f1a}</UniqueIdentifier>
    </Filter>
    <Filter Include="Source Files\System\Utils">
      <UniqueIdentifier>{c11af63f-1094-49aa-8ca3-5eee78e4d5b9}</UniqueIdentifier>
    </Filter>
    <Filter Include="Source Files\Kernel\Drivers\ATSAM">
      <UniqueIdentifier>{e8314924-323c-4b06-9e84-55fd582488f7}</UniqueIdentifier>
    </Filter>
    <Filter Include="Source Files\Kernel\Drivers\SDMMCDriver">
      <UniqueIdentifier>{4bc2f80b-1f47-4b02-be28-8611a57cdc28}</UniqueIdentifier>
    </Filter>
  </ItemGroup>
  <ItemGroup>
    <None Include="release\SAME70XplainedTest.bin">
      <Filter>Resource Files</Filter>
    </None>
    <None Include="Makefile">
      <Filter>Source Files</Filter>
    </None>
    <None Include="makefile.rules">
      <Filter>Source Files</Filter>
    </None>
    <None Include="System\Files.mk">
      <Filter>Source Files\System</Filter>
    </None>
    <None Include="Kernel\Drivers\STM32\Files.mk">
      <Filter>Source Files\Kernel\Drivers\STM32</Filter>
    </None>
    <None Include="Kernel\HAL\STM32\Files.mk">
      <Filter>Source Files\Kernel\HAL\STM32</Filter>
    </None>
    <None Include="Kernel\VFS\Files.mk">
      <Filter>Source Files\Kernel\VFS</Filter>
    </None>
    <None Include="Kernel\Files.mk">
      <Filter>Source Files\Kernel</Filter>
    </None>
    <None Include="System\Ptr\Files.mk">
      <Filter>Source Files\System\Ptr</Filter>
    </None>
    <None Include="System\Signals\Files.mk">
      <Filter>Source Files\System\Signals</Filter>
    </None>
    <None Include="System\Threads\Files.mk">
      <Filter>Source Files\System\Threads</Filter>
    </None>
    <None Include="Kernel\Drivers\I2CDriver.h">
      <Filter>Source Files\Kernel\Drivers</Filter>
    </None>
    <None Include="Kernel\Drivers\RA8875Driver\Files.mk">
      <Filter>Source Files\Kernel\Drivers\RA8875Driver</Filter>
    </None>
    <None Include="Kernel\Drivers\RA8875Driver\Fonts\Files.mk">
      <Filter>Source Files\Kernel\Drivers\RA8875Driver\Fonts</Filter>
    </None>
    <None Include="Applications\WindowManager\Files.mk">
      <Filter>Source Files\Applications\WindowManager</Filter>
    </None>
    <None Include="ApplicationServer\Files.mk">
      <Filter>Source Files\ApplicationServer</Filter>
    </None>
    <None Include="System\GUI\Files.mk">
      <Filter>Source Files\System\GUI</Filter>
    </None>
    <None Include="System\Math\Files.mk">
      <Filter>Source Files\System\Math</Filter>
    </None>
    <None Include="System\Utils\Files.mk">
      <Filter>Source Files\System\Utils</Filter>
    </None>
    <None Include="Kernel\Drivers\Files.mk">
      <Filter>Source Files\Kernel\Drivers</Filter>
    </None>
    <None Include="Kernel\Drivers\ATSAM\Files.mk">
      <Filter>Source Files\Kernel\Drivers\ATSAM</Filter>
    </None>
    <None Include="Kernel\FSDrivers\FAT\Files.mk">
      <Filter>Source Files\Kernel\FSDrivers\FAT</Filter>
    </None>
    <None Include="Kernel\Drivers\SDMMCDriver\Files.mk">
      <Filter>Source Files\Kernel\Drivers\SDMMCDriver</Filter>
    </None>
  </ItemGroup>
  <ItemGroup>
    <ClCompile Include="Init.cpp">
      <Filter>Source Files</Filter>
    </ClCompile>
    <ClCompile Include="MemTest.cpp">
      <Filter>Source Files</Filter>
    </ClCompile>
    <ClCompile Include="MPU.cpp">
      <Filter>Source Files</Filter>
    </ClCompile>
    <ClCompile Include="posix.cpp">
      <Filter>Source Files</Filter>
    </ClCompile>
    <ClCompile Include="SDRAM.cpp">
      <Filter>Source Files</Filter>
    </ClCompile>
    <ClCompile Include="Applications\WindowManager\WindowManager.cpp">
      <Filter>Source Files\Applications\WindowManager</Filter>
    </ClCompile>
    <ClCompile Include="System\String.cpp">
      <Filter>Source Files\System</Filter>
    </ClCompile>
    <ClCompile Include="ApplicationServer\ApplicationServer.cpp">
      <Filter>Source Files\ApplicationServer</Filter>
    </ClCompile>
    <ClCompile Include="ApplicationServer\ServerApplication.cpp">
      <Filter>Source Files\ApplicationServer</Filter>
    </ClCompile>
    <ClCompile Include="ApplicationServer\ServerView.cpp">
      <Filter>Source Files\ApplicationServer</Filter>
    </ClCompile>
    <ClCompile Include="ASF\sam\drivers\xdmac\xdmac.c">
      <Filter>Source Files\ASF\sam\drivers\xdmac</Filter>
    </ClCompile>
    <ClCompile Include="Kernel\Drivers\RA8875Driver\Fonts\MicrosoftSansSerif_14.c">
      <Filter>Source Files\Kernel\Drivers\RA8875Driver\Fonts</Filter>
    </ClCompile>
    <ClCompile Include="Kernel\Drivers\RA8875Driver\Fonts\MicrosoftSansSerif_20.c">
      <Filter>Source Files\Kernel\Drivers\RA8875Driver\Fonts</Filter>
    </ClCompile>
    <ClCompile Include="Kernel\Drivers\RA8875Driver\Fonts\MicrosoftSansSerif_72.c">
      <Filter>Source Files\Kernel\Drivers\RA8875Driver\Fonts</Filter>
    </ClCompile>
    <ClCompile Include="Kernel\Drivers\RA8875Driver\GfxDriver.cpp">
      <Filter>Source Files\Kernel\Drivers\RA8875Driver</Filter>
    </ClCompile>
    <ClCompile Include="Kernel\Drivers\STM32\USARTDriver.cpp">
      <Filter>Source Files\Kernel\Drivers\STM32</Filter>
    </ClCompile>
    <ClCompile Include="Kernel\Drivers\BME280Driver.cpp">
      <Filter>Source Files\Kernel\Drivers</Filter>
    </ClCompile>
    <ClCompile Include="Kernel\Drivers\FT5x0xDriver.cpp">
      <Filter>Source Files\Kernel\Drivers</Filter>
    </ClCompile>
    <ClCompile Include="Kernel\Drivers\INA3221Driver.cpp">
      <Filter>Source Files\Kernel\Drivers</Filter>
    </ClCompile>
    <ClCompile Include="Kernel\Drivers\UART.cpp">
      <Filter>Source Files\Kernel\Drivers</Filter>
    </ClCompile>
    <ClCompile Include="Kernel\Drivers\UARTDriver.cpp">
      <Filter>Source Files\Kernel\Drivers</Filter>
    </ClCompile>
    <ClCompile Include="Kernel\FSDrivers\FAT\FATClusterSectorIterator.cpp">
      <Filter>Source Files\Kernel\FSDrivers\FAT</Filter>
    </ClCompile>
    <ClCompile Include="Kernel\FSDrivers\FAT\FATDirectoryIterator.cpp">
      <Filter>Source Files\Kernel\FSDrivers\FAT</Filter>
    </ClCompile>
    <ClCompile Include="Kernel\FSDrivers\FAT\FATDirectoryNode.cpp">
      <Filter>Source Files\Kernel\FSDrivers\FAT</Filter>
    </ClCompile>
    <ClCompile Include="Kernel\FSDrivers\FAT\FATFileNode.cpp">
      <Filter>Source Files\Kernel\FSDrivers\FAT</Filter>
    </ClCompile>
    <ClCompile Include="Kernel\FSDrivers\FAT\FATFilesystem.cpp">
      <Filter>Source Files\Kernel\FSDrivers\FAT</Filter>
    </ClCompile>
    <ClCompile Include="Kernel\FSDrivers\FAT\FATINode.cpp">
      <Filter>Source Files\Kernel\FSDrivers\FAT</Filter>
    </ClCompile>
    <ClCompile Include="Kernel\FSDrivers\FAT\FATTable.cpp">
      <Filter>Source Files\Kernel\FSDrivers\FAT</Filter>
    </ClCompile>
    <ClCompile Include="Kernel\FSDrivers\FAT\FATTableIterator.cpp">
      <Filter>Source Files\Kernel\FSDrivers\FAT</Filter>
    </ClCompile>
    <ClCompile Include="Kernel\FSDrivers\FAT\FATVolume.cpp">
      <Filter>Source Files\Kernel\FSDrivers\FAT</Filter>
    </ClCompile>
    <ClCompile Include="Kernel\HAL\STM32\DMA_STM32.cpp">
      <Filter>Source Files\Kernel\HAL\STM32</Filter>
    </ClCompile>
    <ClCompile Include="Kernel\HAL\DigitalPort.cpp">
      <Filter>Source Files\Kernel\HAL</Filter>
    </ClCompile>
    <ClCompile Include="Kernel\HAL\SAME70System.cpp">
      <Filter>Source Files\Kernel\HAL</Filter>
    </ClCompile>
    <ClCompile Include="Kernel\VFS\FileIO.cpp">
      <Filter>Source Files\Kernel\VFS</Filter>
    </ClCompile>
    <ClCompile Include="Kernel\VFS\KBlockCache.cpp">
      <Filter>Source Files\Kernel\VFS</Filter>
    </ClCompile>
    <ClCompile Include="Kernel\VFS\KDeviceNode.cpp">
      <Filter>Source Files\Kernel\VFS</Filter>
    </ClCompile>
    <ClCompile Include="Kernel\VFS\KFileHandle.cpp">
      <Filter>Source Files\Kernel\VFS</Filter>
    </ClCompile>
    <ClCompile Include="Kernel\VFS\KFilesystem.cpp">
      <Filter>Source Files\Kernel\VFS</Filter>
    </ClCompile>
    <ClCompile Include="Kernel\VFS\KFSVolume.cpp">
      <Filter>Source Files\Kernel\VFS</Filter>
    </ClCompile>
    <ClCompile Include="Kernel\VFS\KINode.cpp">
      <Filter>Source Files\Kernel\VFS</Filter>
    </ClCompile>
    <ClCompile Include="Kernel\VFS\KIOContext.cpp">
      <Filter>Source Files\Kernel\VFS</Filter>
    </ClCompile>
    <ClCompile Include="Kernel\VFS\KNodeMonitor.cpp">
      <Filter>Source Files\Kernel\VFS</Filter>
    </ClCompile>
    <ClCompile Include="Kernel\VFS\KRootFilesystem.cpp">
      <Filter>Source Files\Kernel\VFS</Filter>
    </ClCompile>
    <ClCompile Include="Kernel\VFS\KVFSManager.cpp">
      <Filter>Source Files\Kernel\VFS</Filter>
    </ClCompile>
    <ClCompile Include="Kernel\KConditionVariable.cpp">
      <Filter>Source Files\Kernel</Filter>
    </ClCompile>
    <ClCompile Include="Kernel\Kernel.cpp">
      <Filter>Source Files\Kernel</Filter>
    </ClCompile>
    <ClCompile Include="Kernel\KHandleArray.cpp">
      <Filter>Source Files\Kernel</Filter>
    </ClCompile>
    <ClCompile Include="Kernel\KMessagePort.cpp">
      <Filter>Source Files\Kernel</Filter>
    </ClCompile>
    <ClCompile Include="Kernel\KMutex.cpp">
      <Filter>Source Files\Kernel</Filter>
    </ClCompile>
    <ClCompile Include="Kernel\KNamedObject.cpp">
      <Filter>Source Files\Kernel</Filter>
    </ClCompile>
    <ClCompile Include="Kernel\KObjectWaitGroup.cpp">
      <Filter>Source Files\Kernel</Filter>
    </ClCompile>
    <ClCompile Include="Kernel\KPowerManager.cpp">
      <Filter>Source Files\Kernel</Filter>
    </ClCompile>
    <ClCompile Include="Kernel\KProcess.cpp">
      <Filter>Source Files\Kernel</Filter>
    </ClCompile>
    <ClCompile Include="Kernel\KSemaphore.cpp">
      <Filter>Source Files\Kernel</Filter>
    </ClCompile>
    <ClCompile Include="Kernel\KThreadCB.cpp">
      <Filter>Source Files\Kernel</Filter>
    </ClCompile>
    <ClCompile Include="Kernel\Scheduler.cpp">
      <Filter>Source Files\Kernel</Filter>
    </ClCompile>
    <ClCompile Include="Kernel\SpinTimer.cpp">
      <Filter>Source Files\Kernel</Filter>
    </ClCompile>
    <ClCompile Include="System\GUI\Application.cpp">
      <Filter>Source Files\System\GUI</Filter>
    </ClCompile>
    <ClCompile Include="System\GUI\Button.cpp">
      <Filter>Source Files\System\GUI</Filter>
    </ClCompile>
    <ClCompile Include="System\GUI\Font.cpp">
      <Filter>Source Files\System\GUI</Filter>
    </ClCompile>
    <ClCompile Include="System\GUI\LayoutNode.cpp">
      <Filter>Source Files\System\GUI</Filter>
    </ClCompile>
    <ClCompile Include="System\GUI\Region.cpp">
      <Filter>Source Files\System\GUI</Filter>
    </ClCompile>
    <ClCompile Include="System\GUI\TextView.cpp">
      <Filter>Source Files\System\GUI</Filter>
    </ClCompile>
    <ClCompile Include="System\GUI\View.cpp">
      <Filter>Source Files\System\GUI</Filter>
    </ClCompile>
    <ClCompile Include="System\Math\LineSegment.cpp">
      <Filter>Source Files\System\Math</Filter>
    </ClCompile>
    <ClCompile Include="System\Math\Rect.cpp">
      <Filter>Source Files\System\Math</Filter>
    </ClCompile>
    <ClCompile Include="System\Ptr\PtrTarget.cpp">
      <Filter>Source Files\System\Ptr</Filter>
    </ClCompile>
    <ClCompile Include="System\Signals\SignalBase.cpp">
      <Filter>Source Files\System\Signals</Filter>
    </ClCompile>
    <ClCompile Include="System\Signals\SignalSystem.cpp">
      <Filter>Source Files\System\Signals</Filter>
    </ClCompile>
    <ClCompile Include="System\Signals\SignalTarget.cpp">
      <Filter>Source Files\System\Signals</Filter>
    </ClCompile>
    <ClCompile Include="System\Signals\SlotBase.cpp">
      <Filter>Source Files\System\Signals</Filter>
    </ClCompile>
    <ClCompile Include="System\Threads\EventHandler.cpp">
      <Filter>Source Files\System\Threads</Filter>
    </ClCompile>
    <ClCompile Include="System\Threads\Looper.cpp">
      <Filter>Source Files\System\Threads</Filter>
    </ClCompile>
    <ClCompile Include="System\Threads\Semaphore.cpp">
      <Filter>Source Files\System\Threads</Filter>
    </ClCompile>
    <ClCompile Include="System\Threads\Thread.cpp">
      <Filter>Source Files\System\Threads</Filter>
    </ClCompile>
    <ClCompile Include="System\Threads\ThreadLocal.cpp">
      <Filter>Source Files\System\Threads</Filter>
    </ClCompile>
    <ClCompile Include="System\Utils\EventTimer.cpp">
      <Filter>Source Files\System\Utils</Filter>
    </ClCompile>
    <ClCompile Include="System\Utils\IntrusiveList.cpp">
      <Filter>Source Files\System\Utils</Filter>
    </ClCompile>
    <ClCompile Include="System\Utils\MessagePort.cpp">
      <Filter>Source Files\System\Utils</Filter>
    </ClCompile>
    <ClCompile Include="System\Utils\Utils.cpp">
      <Filter>Source Files\System\Utils</Filter>
    </ClCompile>
    <ClCompile Include="Kernel\Drivers\STM32\I2CDriver.cpp">
      <Filter>Source Files\Kernel\Drivers\STM32</Filter>
    </ClCompile>
    <ClCompile Include="Kernel\Drivers\I2CDriver.cpp">
      <Filter>Source Files</Filter>
    </ClCompile>
    <ClCompile Include="Kernel\Drivers\STM32\TLV493DDriver.cpp">
      <Filter>Source Files\Kernel\Drivers\STM32</Filter>
    </ClCompile>
    <ClCompile Include="Kernel\Drivers\GSLx680Driver.cpp">
      <Filter>Source Files\Kernel\Drivers</Filter>
    </ClCompile>
    <ClCompile Include="Kernel\Drivers\GSLx680Firmware.cpp">
      <Filter>Source Files\Kernel\Drivers</Filter>
    </ClCompile>
    <ClCompile Include="Kernel\Drivers\ATSAM\SDMMC_ATSAM.cpp">
      <Filter>Source Files\Kernel\Drivers\ATSAM</Filter>
    </ClCompile>
    <ClCompile Include="Kernel\Drivers\STM32\SDMMCDriver_STM32.cpp">
      <Filter>Source Files\Kernel\Drivers\STM32</Filter>
    </ClCompile>
    <ClCompile Include="Kernel\Drivers\SDMMCDriver\SDMMCDriver.cpp">
      <Filter>Source Files\Kernel\Drivers\SDMMCDriver</Filter>
    </ClCompile>
    <ClCompile Include="Kernel\Drivers\STM32\WS2812BDriver.cpp">
      <Filter>Source Files\Kernel\Drivers\STM32</Filter>
    </ClCompile>
  </ItemGroup>
  <ItemGroup>
    <ClInclude Include="MemTest.h">
      <Filter>Source Files</Filter>
    </ClInclude>
    <ClInclude Include="MPU.h">
      <Filter>Source Files</Filter>
    </ClInclude>
    <ClInclude Include="Platform.h">
      <Filter>Source Files</Filter>
    </ClInclude>
    <ClInclude Include="SAME70TimerDefines.h">
      <Filter>Source Files</Filter>
    </ClInclude>
    <ClInclude Include="SDRAM.h">
      <Filter>Source Files</Filter>
    </ClInclude>
    <ClInclude Include="Applications\WindowManager\WindowManager.h">
      <Filter>Source Files\Applications\WindowManager</Filter>
    </ClInclude>
    <ClInclude Include="System\String.h">
      <Filter>Source Files\System</Filter>
    </ClInclude>
    <ClInclude Include="System\System.h">
      <Filter>Source Files\System</Filter>
    </ClInclude>
    <ClInclude Include="System\SystemMessageIDs.h">
      <Filter>Source Files\System</Filter>
    </ClInclude>
    <ClInclude Include="System\Threads.h">
      <Filter>Source Files\System</Filter>
    </ClInclude>
    <ClInclude Include="System\Types.h">
      <Filter>Source Files\System</Filter>
    </ClInclude>
    <ClInclude Include="System\UTF8Utils.h">
      <Filter>Source Files\System</Filter>
    </ClInclude>
    <ClInclude Include="ApplicationServer\ApplicationServer.h">
      <Filter>Source Files\ApplicationServer</Filter>
    </ClInclude>
    <ClInclude Include="ApplicationServer\Protocol.h">
      <Filter>Source Files\ApplicationServer</Filter>
    </ClInclude>
    <ClInclude Include="ApplicationServer\ServerApplication.h">
      <Filter>Source Files\ApplicationServer</Filter>
    </ClInclude>
    <ClInclude Include="ApplicationServer\ServerView.h">
      <Filter>Source Files\ApplicationServer</Filter>
    </ClInclude>
    <ClInclude Include="ASF\common\utils\interrupt.h">
      <Filter>Source Files\ASF\common\utils</Filter>
    </ClInclude>
    <ClInclude Include="ASF\common\utils\parts.h">
      <Filter>Source Files\ASF\common\utils</Filter>
    </ClInclude>
    <ClInclude Include="ASF\common\utils\interrupt\interrupt_sam_nvic.h">
      <Filter>Source Files\ASF\common\utils\interrupt</Filter>
    </ClInclude>
    <ClInclude Include="ASF\sam\drivers\xdmac\xdmac.h">
      <Filter>Source Files\ASF\sam\drivers\xdmac</Filter>
    </ClInclude>
    <ClInclude Include="ASF\sam\utils\header_files\io.h">
      <Filter>Source Files\ASF\sam\utils\header_files</Filter>
    </ClInclude>
    <ClInclude Include="ASF\sam\utils\preprocessor\mrepeat.h">
      <Filter>Source Files\ASF\sam\utils\preprocessor</Filter>
    </ClInclude>
    <ClInclude Include="ASF\sam\utils\preprocessor\preprocessor.h">
      <Filter>Source Files\ASF\sam\utils\preprocessor</Filter>
    </ClInclude>
    <ClInclude Include="ASF\sam\utils\preprocessor\stringz.h">
      <Filter>Source Files\ASF\sam\utils\preprocessor</Filter>
    </ClInclude>
    <ClInclude Include="ASF\sam\utils\preprocessor\tpaste.h">
      <Filter>Source Files\ASF\sam\utils\preprocessor</Filter>
    </ClInclude>
    <ClInclude Include="ASF\sam\utils\compiler.h">
      <Filter>Source Files\ASF\sam\utils</Filter>
    </ClInclude>
    <ClInclude Include="ASF\sam\utils\status_codes.h">
      <Filter>Source Files\ASF\sam\utils</Filter>
    </ClInclude>
    <ClInclude Include="DeviceControl\BME280.h">
      <Filter>Source Files\DeviceControl</Filter>
    </ClInclude>
    <ClInclude Include="DeviceControl\DeviceControl.h">
      <Filter>Source Files\DeviceControl</Filter>
    </ClInclude>
    <ClInclude Include="DeviceControl\I2C.h">
      <Filter>Source Files\DeviceControl</Filter>
    </ClInclude>
    <ClInclude Include="DeviceControl\INA3221.h">
      <Filter>Source Files\DeviceControl</Filter>
    </ClInclude>
    <ClInclude Include="DeviceControl\SDCARD.h">
      <Filter>Source Files\DeviceControl</Filter>
    </ClInclude>
    <ClInclude Include="Kernel\Drivers\RA8875Driver\Fonts\MicrosoftSansSerif_14.h">
      <Filter>Source Files\Kernel\Drivers\RA8875Driver\Fonts</Filter>
    </ClInclude>
    <ClInclude Include="Kernel\Drivers\RA8875Driver\Fonts\MicrosoftSansSerif_20.h">
      <Filter>Source Files\Kernel\Drivers\RA8875Driver\Fonts</Filter>
    </ClInclude>
    <ClInclude Include="Kernel\Drivers\RA8875Driver\Fonts\MicrosoftSansSerif_72.h">
      <Filter>Source Files\Kernel\Drivers\RA8875Driver\Fonts</Filter>
    </ClInclude>
    <ClInclude Include="Kernel\Drivers\RA8875Driver\Font.h">
      <Filter>Source Files\Kernel\Drivers\RA8875Driver</Filter>
    </ClInclude>
    <ClInclude Include="Kernel\Drivers\RA8875Driver\GfxDriver.h">
      <Filter>Source Files\Kernel\Drivers\RA8875Driver</Filter>
    </ClInclude>
    <ClInclude Include="Kernel\Drivers\STM32\USARTDriver.h">
      <Filter>Source Files\Kernel\Drivers\STM32</Filter>
    </ClInclude>
    <ClInclude Include="Kernel\Drivers\BME280Driver.h">
      <Filter>Source Files\Kernel\Drivers</Filter>
    </ClInclude>
    <ClInclude Include="Kernel\Drivers\FT5x0xDriver.h">
      <Filter>Source Files\Kernel\Drivers</Filter>
    </ClInclude>
    <ClInclude Include="Kernel\Drivers\INA3221Driver.h">
      <Filter>Source Files\Kernel\Drivers</Filter>
    </ClInclude>
    <ClInclude Include="Kernel\Drivers\UART.h">
      <Filter>Source Files\Kernel\Drivers</Filter>
    </ClInclude>
    <ClInclude Include="Kernel\Drivers\UARTDriver.h">
      <Filter>Source Files\Kernel\Drivers</Filter>
    </ClInclude>
    <ClInclude Include="Kernel\FSDrivers\FAT\FATClusterSectorIterator.h">
      <Filter>Source Files\Kernel\FSDrivers\FAT</Filter>
    </ClInclude>
    <ClInclude Include="Kernel\FSDrivers\FAT\FATDirectoryIterator.h">
      <Filter>Source Files\Kernel\FSDrivers\FAT</Filter>
    </ClInclude>
    <ClInclude Include="Kernel\FSDrivers\FAT\FATDirectoryNode.h">
      <Filter>Source Files\Kernel\FSDrivers\FAT</Filter>
    </ClInclude>
    <ClInclude Include="Kernel\FSDrivers\FAT\FATFileNode.h">
      <Filter>Source Files\Kernel\FSDrivers\FAT</Filter>
    </ClInclude>
    <ClInclude Include="Kernel\FSDrivers\FAT\FATFilesystem.h">
      <Filter>Source Files\Kernel\FSDrivers\FAT</Filter>
    </ClInclude>
    <ClInclude Include="Kernel\FSDrivers\FAT\FATINode.h">
      <Filter>Source Files\Kernel\FSDrivers\FAT</Filter>
    </ClInclude>
    <ClInclude Include="Kernel\FSDrivers\FAT\FATTable.h">
      <Filter>Source Files\Kernel\FSDrivers\FAT</Filter>
    </ClInclude>
    <ClInclude Include="Kernel\FSDrivers\FAT\FATTableIterator.h">
      <Filter>Source Files\Kernel\FSDrivers\FAT</Filter>
    </ClInclude>
    <ClInclude Include="Kernel\FSDrivers\FAT\FATVolume.h">
      <Filter>Source Files\Kernel\FSDrivers\FAT</Filter>
    </ClInclude>
    <ClInclude Include="Kernel\HAL\STM32\DMA_STM32.h">
      <Filter>Source Files\Kernel\HAL\STM32</Filter>
    </ClInclude>
    <ClInclude Include="Kernel\HAL\STM32\DMARequestID.h">
      <Filter>Source Files\Kernel\HAL\STM32</Filter>
    </ClInclude>
    <ClInclude Include="Kernel\HAL\DigitalPort.h">
      <Filter>Source Files\Kernel\HAL</Filter>
    </ClInclude>
    <ClInclude Include="Kernel\HAL\DigitalPort_ATSAM.h">
      <Filter>Source Files\Kernel\HAL</Filter>
    </ClInclude>
    <ClInclude Include="Kernel\HAL\DigitalPort_STM32.h">
      <Filter>Source Files\Kernel\HAL</Filter>
    </ClInclude>
    <ClInclude Include="Kernel\HAL\DMA.h">
      <Filter>Source Files\Kernel\HAL</Filter>
    </ClInclude>
    <ClInclude Include="Kernel\HAL\SAME70System.h">
      <Filter>Source Files\Kernel\HAL</Filter>
    </ClInclude>
    <ClInclude Include="Kernel\HAL\STM32H7System.h">
      <Filter>Source Files\Kernel\HAL</Filter>
    </ClInclude>
    <ClInclude Include="Kernel\VFS\FileIO.h">
      <Filter>Source Files\Kernel\VFS</Filter>
    </ClInclude>
    <ClInclude Include="Kernel\VFS\KBlockCache.h">
      <Filter>Source Files\Kernel\VFS</Filter>
    </ClInclude>
    <ClInclude Include="Kernel\VFS\KDeviceNode.h">
      <Filter>Source Files\Kernel\VFS</Filter>
    </ClInclude>
    <ClInclude Include="Kernel\VFS\KFileHandle.h">
      <Filter>Source Files\Kernel\VFS</Filter>
    </ClInclude>
    <ClInclude Include="Kernel\VFS\KFilesystem.h">
      <Filter>Source Files\Kernel\VFS</Filter>
    </ClInclude>
    <ClInclude Include="Kernel\VFS\KFSVolume.h">
      <Filter>Source Files\Kernel\VFS</Filter>
    </ClInclude>
    <ClInclude Include="Kernel\VFS\KINode.h">
      <Filter>Source Files\Kernel\VFS</Filter>
    </ClInclude>
    <ClInclude Include="Kernel\VFS\KIOContext.h">
      <Filter>Source Files\Kernel\VFS</Filter>
    </ClInclude>
    <ClInclude Include="Kernel\VFS\KNodeMonitor.h">
      <Filter>Source Files\Kernel\VFS</Filter>
    </ClInclude>
    <ClInclude Include="Kernel\VFS\KRootFilesystem.h">
      <Filter>Source Files\Kernel\VFS</Filter>
    </ClInclude>
    <ClInclude Include="Kernel\VFS\KVFSManager.h">
      <Filter>Source Files\Kernel\VFS</Filter>
    </ClInclude>
    <ClInclude Include="Kernel\KConditionVariable.h">
      <Filter>Source Files\Kernel</Filter>
    </ClInclude>
    <ClInclude Include="Kernel\Kernel.h">
      <Filter>Source Files\Kernel</Filter>
    </ClInclude>
    <ClInclude Include="Kernel\KHandleArray.h">
      <Filter>Source Files\Kernel</Filter>
    </ClInclude>
    <ClInclude Include="Kernel\KMessagePort.h">
      <Filter>Source Files\Kernel</Filter>
    </ClInclude>
    <ClInclude Include="Kernel\KMutex.h">
      <Filter>Source Files\Kernel</Filter>
    </ClInclude>
    <ClInclude Include="Kernel\KNamedObject.h">
      <Filter>Source Files\Kernel</Filter>
    </ClInclude>
    <ClInclude Include="Kernel\KObjectWaitGroup.h">
      <Filter>Source Files\Kernel</Filter>
    </ClInclude>
    <ClInclude Include="Kernel\KPowerManager.h">
      <Filter>Source Files\Kernel</Filter>
    </ClInclude>
    <ClInclude Include="Kernel\KProcess.h">
      <Filter>Source Files\Kernel</Filter>
    </ClInclude>
    <ClInclude Include="Kernel\KSemaphore.h">
      <Filter>Source Files\Kernel</Filter>
    </ClInclude>
    <ClInclude Include="Kernel\KThreadCB.h">
      <Filter>Source Files\Kernel</Filter>
    </ClInclude>
    <ClInclude Include="Kernel\Scheduler.h">
      <Filter>Source Files\Kernel</Filter>
    </ClInclude>
    <ClInclude Include="Kernel\SpinTimer.h">
      <Filter>Source Files\Kernel</Filter>
    </ClInclude>
    <ClInclude Include="System\GUI\Application.h">
      <Filter>Source Files\System\GUI</Filter>
    </ClInclude>
    <ClInclude Include="System\GUI\Button.h">
      <Filter>Source Files\System\GUI</Filter>
    </ClInclude>
    <ClInclude Include="System\GUI\Color.h">
      <Filter>Source Files\System\GUI</Filter>
    </ClInclude>
    <ClInclude Include="System\GUI\Font.h">
      <Filter>Source Files\System\GUI</Filter>
    </ClInclude>
    <ClInclude Include="System\GUI\GUIEvent.h">
      <Filter>Source Files\System\GUI</Filter>
    </ClInclude>
    <ClInclude Include="System\GUI\LayoutNode.h">
      <Filter>Source Files\System\GUI</Filter>
    </ClInclude>
    <ClInclude Include="System\GUI\Region.h">
      <Filter>Source Files\System\GUI</Filter>
    </ClInclude>
    <ClInclude Include="System\GUI\TextView.h">
      <Filter>Source Files\System\GUI</Filter>
    </ClInclude>
    <ClInclude Include="System\GUI\View.h">
      <Filter>Source Files\System\GUI</Filter>
    </ClInclude>
    <ClInclude Include="System\Math\LineSegment.h">
      <Filter>Source Files\System\Math</Filter>
    </ClInclude>
    <ClInclude Include="System\Math\Point.h">
      <Filter>Source Files\System\Math</Filter>
    </ClInclude>
    <ClInclude Include="System\Math\Rect.h">
      <Filter>Source Files\System\Math</Filter>
    </ClInclude>
    <ClInclude Include="System\Ptr\NoPtr.h">
      <Filter>Source Files\System\Ptr</Filter>
    </ClInclude>
    <ClInclude Include="System\Ptr\Ptr.h">
      <Filter>Source Files\System\Ptr</Filter>
    </ClInclude>
    <ClInclude Include="System\Ptr\Ptr.inl.h">
      <Filter>Source Files\System\Ptr</Filter>
    </ClInclude>
    <ClInclude Include="System\Ptr\PtrTarget.h">
      <Filter>Source Files\System\Ptr</Filter>
    </ClInclude>
    <ClInclude Include="System\Ptr\SigWeakPtr.h">
      <Filter>Source Files\System\Ptr</Filter>
    </ClInclude>
    <ClInclude Include="System\Ptr\SigWeakPtr.inl.h">
      <Filter>Source Files\System\Ptr</Filter>
    </ClInclude>
    <ClInclude Include="System\Ptr\WeakPtr.h">
      <Filter>Source Files\System\Ptr</Filter>
    </ClInclude>
    <ClInclude Include="System\Ptr\WeakPtr.inl.h">
      <Filter>Source Files\System\Ptr</Filter>
    </ClInclude>
    <ClInclude Include="System\Signals\RemoteSignal.h">
      <Filter>Source Files\System\Signals</Filter>
    </ClInclude>
    <ClInclude Include="System\Signals\Signal.h">
      <Filter>Source Files\System\Signals</Filter>
    </ClInclude>
    <ClInclude Include="System\Signals\SignalBase.h">
      <Filter>Source Files\System\Signals</Filter>
    </ClInclude>
    <ClInclude Include="System\Signals\SignalSlotList.h">
      <Filter>Source Files\System\Signals</Filter>
    </ClInclude>
    <ClInclude Include="System\Signals\SignalSystem.h">
      <Filter>Source Files\System\Signals</Filter>
    </ClInclude>
    <ClInclude Include="System\Signals\SignalTarget.h">
      <Filter>Source Files\System\Signals</Filter>
    </ClInclude>
    <ClInclude Include="System\Signals\Slot.h">
      <Filter>Source Files\System\Signals</Filter>
    </ClInclude>
    <ClInclude Include="System\Signals\SlotBase.h">
      <Filter>Source Files\System\Signals</Filter>
    </ClInclude>
    <ClInclude Include="System\Signals\VFConnector.h">
      <Filter>Source Files\System\Signals</Filter>
    </ClInclude>
    <ClInclude Include="System\Threads\EventHandler.h">
      <Filter>Source Files\System\Threads</Filter>
    </ClInclude>
    <ClInclude Include="System\Threads\Looper.h">
      <Filter>Source Files\System\Threads</Filter>
    </ClInclude>
    <ClInclude Include="System\Threads\Mutex.h">
      <Filter>Source Files\System\Threads</Filter>
    </ClInclude>
    <ClInclude Include="System\Threads\Semaphore.h">
      <Filter>Source Files\System\Threads</Filter>
    </ClInclude>
    <ClInclude Include="System\Threads\Thread.h">
      <Filter>Source Files\System\Threads</Filter>
    </ClInclude>
    <ClInclude Include="System\Threads\ThreadLocal.h">
      <Filter>Source Files\System\Threads</Filter>
    </ClInclude>
    <ClInclude Include="System\Utils\EventTimer.h">
      <Filter>Source Files\System\Utils</Filter>
    </ClInclude>
    <ClInclude Include="System\Utils\IntrusiveList.h">
      <Filter>Source Files\System\Utils</Filter>
    </ClInclude>
    <ClInclude Include="System\Utils\MessagePort.h">
      <Filter>Source Files\System\Utils</Filter>
    </ClInclude>
    <ClInclude Include="System\Utils\Utils.h">
      <Filter>Source Files\System\Utils</Filter>
    </ClInclude>
    <ClInclude Include="Kernel\Drivers\STM32\I2CDriver.h">
      <Filter>Source Files\Kernel\Drivers\STM32</Filter>
    </ClInclude>
    <ClInclude Include="Kernel\Drivers\STM32\TLV493DDriver.h">
      <Filter>Source Files\Kernel\Drivers\STM32</Filter>
    </ClInclude>
    <ClInclude Include="DeviceControl\TLV493D.h">
      <Filter>Source Files\DeviceControl</Filter>
    </ClInclude>
    <ClInclude Include="DeviceControl\HID.h">
      <Filter>Source Files\DeviceControl</Filter>
    </ClInclude>
    <ClInclude Include="Kernel\Drivers\GSLx680Driver.h">
      <Filter>Source Files\Kernel\Drivers</Filter>
    </ClInclude>
    <ClInclude Include="Kernel\Drivers\ATSAM\SDMMC_ATSAM.h">
      <Filter>Source Files\Kernel\Drivers\ATSAM</Filter>
    </ClInclude>
    <ClInclude Include="Kernel\Drivers\STM32\SDMMCDriver_STM32.h">
      <Filter>Source Files\Kernel\Drivers\STM32</Filter>
    </ClInclude>
    <ClInclude Include="Kernel\Drivers\SDMMCDriver\SDMMCDriver.h">
      <Filter>Source Files\Kernel\Drivers\SDMMCDriver</Filter>
    </ClInclude>
    <ClInclude Include="Kernel\Drivers\SDMMCDriver\SDMMCProtocol.h">
      <Filter>Source Files\Kernel\Drivers\SDMMCDriver</Filter>
    </ClInclude>
    <ClInclude Include="Kernel\Drivers\STM32\WS2812BDriver.h">
      <Filter>Source Files\Kernel\Drivers\STM32</Filter>
    </ClInclude>
    <ClInclude Include="DeviceControl\WS2812B.h">
      <Filter>Source Files\DeviceControl</Filter>
    </ClInclude>
    <ClInclude Include="Kernel\HAL\Peripherals.h">
      <Filter>Source Files\Kernel\HAL</Filter>
    </ClInclude>
    <ClInclude Include="Kernel\HAL\STM32\Peripherals_STM32H7.h">
      <Filter>Source Files\Kernel\HAL\STM32</Filter>
    </ClInclude>
  </ItemGroup>
</Project>